
Microsoft Visual Studio Solution File, Format Version 12.00
# Visual Studio Version 17
VisualStudioVersion = 17.2.32630.192
MinimumVisualStudioVersion = 10.0.40219.1
Project("{FAE04EC0-301F-11D3-BF4B-00C04F79EFBC}") = "TilesheetIndexGenerator", "TilesheetIndexGenerator.csproj", "{1FDA5B85-A2C7-4A7A-A4F2-1DB256C03DC9}"
EndProject
Global
	GlobalSection(SolutionConfigurationPlatforms) = preSolution
		Debug|Any CPU = Debug|Any CPU
		Release|Any CPU = Release|Any CPU
	EndGlobalSection
	GlobalSection(ProjectConfigurationPlatforms) = postSolution
		{1FDA5B85-A2C7-4A7A-A4F2-1DB256C03DC9}.Debug|Any CPU.ActiveCfg = Debug|Any CPU
		{1FDA5B85-A2C7-4A7A-A4F2-1DB256C03DC9}.Debug|Any CPU.Build.0 = Debug|Any CPU
		{1FDA5B85-A2C7-4A7A-A4F2-1DB256C03DC9}.Release|Any CPU.ActiveCfg = Release|Any CPU
		{1FDA5B85-A2C7-4A7A-A4F2-1DB256C03DC9}.Release|Any CPU.Build.0 = Release|Any CPU
	EndGlobalSection
	GlobalSection(SolutionProperties) = preSolution
		HideSolutionNode = FALSE
	EndGlobalSection
	GlobalSection(ExtensibilityGlobals) = postSolution
		SolutionGuid = {29327661-D0BC-41E4-B86A-DF07A698FEA9}
	EndGlobalSection
EndGlobal
